
Microsoft Visual Studio Solution File, Format Version 12.00
# Visual Studio Version 17
VisualStudioVersion = 17.5.33530.505
MinimumVisualStudioVersion = 10.0.40219.1
Project("{FAE04EC0-301F-11D3-BF4B-00C04F79EFBC}") = "LB3", "LB3.csproj", "{9E43E6DB-9749-4410-A473-6B3ABF6E524F}"
EndProject
Global
	GlobalSection(SolutionConfigurationPlatforms) = preSolution
		Debug|Any CPU = Debug|Any CPU
		Release|Any CPU = Release|Any CPU
	EndGlobalSection
	GlobalSection(ProjectConfigurationPlatforms) = postSolution
		{9E43E6DB-9749-4410-A473-6B3ABF6E524F}.Debug|Any CPU.ActiveCfg = Debug|Any CPU
		{9E43E6DB-9749-4410-A473-6B3ABF6E524F}.Debug|Any CPU.Build.0 = Debug|Any CPU
		{9E43E6DB-9749-4410-A473-6B3ABF6E524F}.Release|Any CPU.ActiveCfg = Release|Any CPU
		{9E43E6DB-9749-4410-A473-6B3ABF6E524F}.Release|Any CPU.Build.0 = Release|Any CPU
	EndGlobalSection
	GlobalSection(SolutionProperties) = preSolution
		HideSolutionNode = FALSE
	EndGlobalSection
	GlobalSection(ExtensibilityGlobals) = postSolution
		SolutionGuid = {DBC7FF67-D43B-433A-B875-64649886C717}
	EndGlobalSection
EndGlobal
